// !$*UTF8*$!
{
	archiveVersion = 1;
	classes = {
	};
	objectVersion = 48;
	objects = {

/* Begin PBXBuildFile section */
		2C51E8AF7F070C2B31DBE181 /* Pods_FlickrableTests.framework in Frameworks */ = {isa = PBXBuildFile; fileRef = 36722DCAB0C9FC9CDE90EB1E /* Pods_FlickrableTests.framework */; };
		657A8ECE5FC89662CA3424B5 /* Pods_FlickrableUITests.framework in Frameworks */ = {isa = PBXBuildFile; fileRef = A10671BF538A91E2A3994ABF /* Pods_FlickrableUITests.framework */; };
		899BC3D790687B7377D676DF /* Pods_Flickrable.framework in Frameworks */ = {isa = PBXBuildFile; fileRef = 73902B7493186D0C89FC88A3 /* Pods_Flickrable.framework */; };
		EB2761351FCFE500008E9FAE /* AppDelegate.swift in Sources */ = {isa = PBXBuildFile; fileRef = EB2761341FCFE500008E9FAE /* AppDelegate.swift */; };
		EB27613A1FCFE500008E9FAE /* Main.storyboard in Resources */ = {isa = PBXBuildFile; fileRef = EB2761381FCFE500008E9FAE /* Main.storyboard */; };
		EB27613D1FCFE500008E9FAE /* Flickrable.xcdatamodeld in Sources */ = {isa = PBXBuildFile; fileRef = EB27613B1FCFE500008E9FAE /* Flickrable.xcdatamodeld */; };
		EB27613F1FCFE500008E9FAE /* Assets.xcassets in Resources */ = {isa = PBXBuildFile; fileRef = EB27613E1FCFE500008E9FAE /* Assets.xcassets */; };
		EB2761421FCFE500008E9FAE /* LaunchScreen.storyboard in Resources */ = {isa = PBXBuildFile; fileRef = EB2761401FCFE500008E9FAE /* LaunchScreen.storyboard */; };
		EB27614D1FCFE500008E9FAE /* FlickrableTests.swift in Sources */ = {isa = PBXBuildFile; fileRef = EB27614C1FCFE500008E9FAE /* FlickrableTests.swift */; };
		EB2761581FCFE500008E9FAE /* FlickrableUITests.swift in Sources */ = {isa = PBXBuildFile; fileRef = EB2761571FCFE500008E9FAE /* FlickrableUITests.swift */; };
		EB27616E1FCFF67F008E9FAE /* PhotoResponse.swift in Sources */ = {isa = PBXBuildFile; fileRef = EB27616D1FCFF67F008E9FAE /* PhotoResponse.swift */; };
		EB2761701FCFF68A008E9FAE /* Photo.swift in Sources */ = {isa = PBXBuildFile; fileRef = EB27616F1FCFF68A008E9FAE /* Photo.swift */; };
		EB2761721FCFFA89008E9FAE /* BaseApi.swift in Sources */ = {isa = PBXBuildFile; fileRef = EB2761711FCFFA89008E9FAE /* BaseApi.swift */; };
		EB2761741FCFFB83008E9FAE /* PhotoApi.swift in Sources */ = {isa = PBXBuildFile; fileRef = EB2761731FCFFB83008E9FAE /* PhotoApi.swift */; };
		EB2761781FCFFC6D008E9FAE /* PhotoViewModel.swift in Sources */ = {isa = PBXBuildFile; fileRef = EB2761771FCFFC6D008E9FAE /* PhotoViewModel.swift */; };
		EB27617A1FCFFCAF008E9FAE /* ViewModelType.swift in Sources */ = {isa = PBXBuildFile; fileRef = EB2761791FCFFCAF008E9FAE /* ViewModelType.swift */; };
		EB27617D1FCFFD70008E9FAE /* ActivityIndicator.swift in Sources */ = {isa = PBXBuildFile; fileRef = EB27617C1FCFFD70008E9FAE /* ActivityIndicator.swift */; };
		EB27617F1FCFFD9B008E9FAE /* ErrorTracker.swift in Sources */ = {isa = PBXBuildFile; fileRef = EB27617E1FCFFD9B008E9FAE /* ErrorTracker.swift */; };
		EB2761821FCFFDC3008E9FAE /* Observable+Ext.swift in Sources */ = {isa = PBXBuildFile; fileRef = EB2761811FCFFDC3008E9FAE /* Observable+Ext.swift */; };
		EB2761851FD00898008E9FAE /* PhotoViewController.swift in Sources */ = {isa = PBXBuildFile; fileRef = EB2761841FD00898008E9FAE /* PhotoViewController.swift */; };
		EB3DF6E11FD507880067735A /* Reusable.swift in Sources */ = {isa = PBXBuildFile; fileRef = EB3DF6E01FD507880067735A /* Reusable.swift */; };
		EB3DF6E41FD509E30067735A /* PhotoCell.swift in Sources */ = {isa = PBXBuildFile; fileRef = EB3DF6E31FD509E30067735A /* PhotoCell.swift */; };
		EB3DF6E81FD54BEE0067735A /* PhotoDetailViewController.swift in Sources */ = {isa = PBXBuildFile; fileRef = EB3DF6E71FD54BEE0067735A /* PhotoDetailViewController.swift */; };
		EB3E78431FD02C6600243226 /* PhotoViewModelTests.swift in Sources */ = {isa = PBXBuildFile; fileRef = EB3E78421FD02C6600243226 /* PhotoViewModelTests.swift */; };
		EBD187381FD1CC5B007F34E5 /* PhotoItemViewModel.swift in Sources */ = {isa = PBXBuildFile; fileRef = EBD187371FD1CC5B007F34E5 /* PhotoItemViewModel.swift */; };
/* End PBXBuildFile section */

/* Begin PBXContainerItemProxy section */
		EB2761491FCFE500008E9FAE /* PBXContainerItemProxy */ = {
			isa = PBXContainerItemProxy;
			containerPortal = EB2761291FCFE500008E9FAE /* Project object */;
			proxyType = 1;
			remoteGlobalIDString = EB2761301FCFE500008E9FAE;
			remoteInfo = Flickrable;
		};
		EB2761541FCFE500008E9FAE /* PBXContainerItemProxy */ = {
			isa = PBXContainerItemProxy;
			containerPortal = EB2761291FCFE500008E9FAE /* Project object */;
			proxyType = 1;
			remoteGlobalIDString = EB2761301FCFE500008E9FAE;
			remoteInfo = Flickrable;
		};
/* End PBXContainerItemProxy section */

/* Begin PBXFileReference section */
		15091F2ADCE8D601D607D3C3 /* Pods-FlickrableUITests.debug.xcconfig */ = {isa = PBXFileReference; includeInIndex = 1; lastKnownFileType = text.xcconfig; name = "Pods-FlickrableUITests.debug.xcconfig"; path = "Pods/Target Support Files/Pods-FlickrableUITests/Pods-FlickrableUITests.debug.xcconfig"; sourceTree = "<group>"; };
		36722DCAB0C9FC9CDE90EB1E /* Pods_FlickrableTests.framework */ = {isa = PBXFileReference; explicitFileType = wrapper.framework; includeInIndex = 0; path = Pods_FlickrableTests.framework; sourceTree = BUILT_PRODUCTS_DIR; };
		66AB490A7636BC56F8E891A1 /* Pods-FlickrableUITests.release.xcconfig */ = {isa = PBXFileReference; includeInIndex = 1; lastKnownFileType = text.xcconfig; name = "Pods-FlickrableUITests.release.xcconfig"; path = "Pods/Target Support Files/Pods-FlickrableUITests/Pods-FlickrableUITests.release.xcconfig"; sourceTree = "<group>"; };
		73902B7493186D0C89FC88A3 /* Pods_Flickrable.framework */ = {isa = PBXFileReference; explicitFileType = wrapper.framework; includeInIndex = 0; path = Pods_Flickrable.framework; sourceTree = BUILT_PRODUCTS_DIR; };
		A10671BF538A91E2A3994ABF /* Pods_FlickrableUITests.framework */ = {isa = PBXFileReference; explicitFileType = wrapper.framework; includeInIndex = 0; path = Pods_FlickrableUITests.framework; sourceTree = BUILT_PRODUCTS_DIR; };
		AD7BDC704200FA928693DE57 /* Pods-FlickrableTests.debug.xcconfig */ = {isa = PBXFileReference; includeInIndex = 1; lastKnownFileType = text.xcconfig; name = "Pods-FlickrableTests.debug.xcconfig"; path = "Pods/Target Support Files/Pods-FlickrableTests/Pods-FlickrableTests.debug.xcconfig"; sourceTree = "<group>"; };
		B6D9D5A9CEA214137C2E4215 /* Pods-Flickrable.release.xcconfig */ = {isa = PBXFileReference; includeInIndex = 1; lastKnownFileType = text.xcconfig; name = "Pods-Flickrable.release.xcconfig"; path = "Pods/Target Support Files/Pods-Flickrable/Pods-Flickrable.release.xcconfig"; sourceTree = "<group>"; };
		EB2761311FCFE500008E9FAE /* Flickrable.app */ = {isa = PBXFileReference; explicitFileType = wrapper.application; includeInIndex = 0; path = Flickrable.app; sourceTree = BUILT_PRODUCTS_DIR; };
		EB2761341FCFE500008E9FAE /* AppDelegate.swift */ = {isa = PBXFileReference; lastKnownFileType = sourcecode.swift; path = AppDelegate.swift; sourceTree = "<group>"; };
		EB2761391FCFE500008E9FAE /* Base */ = {isa = PBXFileReference; lastKnownFileType = file.storyboard; name = Base; path = Base.lproj/Main.storyboard; sourceTree = "<group>"; };
		EB27613C1FCFE500008E9FAE /* Flickrable.xcdatamodel */ = {isa = PBXFileReference; lastKnownFileType = wrapper.xcdatamodel; path = Flickrable.xcdatamodel; sourceTree = "<group>"; };
		EB27613E1FCFE500008E9FAE /* Assets.xcassets */ = {isa = PBXFileReference; lastKnownFileType = folder.assetcatalog; path = Assets.xcassets; sourceTree = "<group>"; };
		EB2761411FCFE500008E9FAE /* Base */ = {isa = PBXFileReference; lastKnownFileType = file.storyboard; name = Base; path = Base.lproj/LaunchScreen.storyboard; sourceTree = "<group>"; };
		EB2761431FCFE500008E9FAE /* Info.plist */ = {isa = PBXFileReference; lastKnownFileType = text.plist.xml; path = Info.plist; sourceTree = "<group>"; };
		EB2761481FCFE500008E9FAE /* FlickrableTests.xctest */ = {isa = PBXFileReference; explicitFileType = wrapper.cfbundle; includeInIndex = 0; path = FlickrableTests.xctest; sourceTree = BUILT_PRODUCTS_DIR; };
		EB27614C1FCFE500008E9FAE /* FlickrableTests.swift */ = {isa = PBXFileReference; lastKnownFileType = sourcecode.swift; path = FlickrableTests.swift; sourceTree = "<group>"; };
		EB27614E1FCFE500008E9FAE /* Info.plist */ = {isa = PBXFileReference; lastKnownFileType = text.plist.xml; path = Info.plist; sourceTree = "<group>"; };
		EB2761531FCFE500008E9FAE /* FlickrableUITests.xctest */ = {isa = PBXFileReference; explicitFileType = wrapper.cfbundle; includeInIndex = 0; path = FlickrableUITests.xctest; sourceTree = BUILT_PRODUCTS_DIR; };
		EB2761571FCFE500008E9FAE /* FlickrableUITests.swift */ = {isa = PBXFileReference; lastKnownFileType = sourcecode.swift; path = FlickrableUITests.swift; sourceTree = "<group>"; };
		EB2761591FCFE500008E9FAE /* Info.plist */ = {isa = PBXFileReference; lastKnownFileType = text.plist.xml; path = Info.plist; sourceTree = "<group>"; };
		EB27616D1FCFF67F008E9FAE /* PhotoResponse.swift */ = {isa = PBXFileReference; lastKnownFileType = sourcecode.swift; path = PhotoResponse.swift; sourceTree = "<group>"; };
		EB27616F1FCFF68A008E9FAE /* Photo.swift */ = {isa = PBXFileReference; lastKnownFileType = sourcecode.swift; path = Photo.swift; sourceTree = "<group>"; };
		EB2761711FCFFA89008E9FAE /* BaseApi.swift */ = {isa = PBXFileReference; lastKnownFileType = sourcecode.swift; path = BaseApi.swift; sourceTree = "<group>"; };
		EB2761731FCFFB83008E9FAE /* PhotoApi.swift */ = {isa = PBXFileReference; lastKnownFileType = sourcecode.swift; path = PhotoApi.swift; sourceTree = "<group>"; };
		EB2761771FCFFC6D008E9FAE /* PhotoViewModel.swift */ = {isa = PBXFileReference; lastKnownFileType = sourcecode.swift; path = PhotoViewModel.swift; sourceTree = "<group>"; };
		EB2761791FCFFCAF008E9FAE /* ViewModelType.swift */ = {isa = PBXFileReference; lastKnownFileType = sourcecode.swift; path = ViewModelType.swift; sourceTree = "<group>"; };
		EB27617C1FCFFD70008E9FAE /* ActivityIndicator.swift */ = {isa = PBXFileReference; lastKnownFileType = sourcecode.swift; path = ActivityIndicator.swift; sourceTree = "<group>"; };
		EB27617E1FCFFD9B008E9FAE /* ErrorTracker.swift */ = {isa = PBXFileReference; lastKnownFileType = sourcecode.swift; path = ErrorTracker.swift; sourceTree = "<group>"; };
		EB2761811FCFFDC3008E9FAE /* Observable+Ext.swift */ = {isa = PBXFileReference; lastKnownFileType = sourcecode.swift; path = "Observable+Ext.swift"; sourceTree = "<group>"; };
		EB2761841FD00898008E9FAE /* PhotoViewController.swift */ = {isa = PBXFileReference; lastKnownFileType = sourcecode.swift; path = PhotoViewController.swift; sourceTree = "<group>"; };
		EB3DF6E01FD507880067735A /* Reusable.swift */ = {isa = PBXFileReference; lastKnownFileType = sourcecode.swift; path = Reusable.swift; sourceTree = "<group>"; };
		EB3DF6E31FD509E30067735A /* PhotoCell.swift */ = {isa = PBXFileReference; lastKnownFileType = sourcecode.swift; path = PhotoCell.swift; sourceTree = "<group>"; };
		EB3DF6E71FD54BEE0067735A /* PhotoDetailViewController.swift */ = {isa = PBXFileReference; lastKnownFileType = sourcecode.swift; path = PhotoDetailViewController.swift; sourceTree = "<group>"; };
		EB3E78421FD02C6600243226 /* PhotoViewModelTests.swift */ = {isa = PBXFileReference; lastKnownFileType = sourcecode.swift; path = PhotoViewModelTests.swift; sourceTree = "<group>"; };
		EBD187371FD1CC5B007F34E5 /* PhotoItemViewModel.swift */ = {isa = PBXFileReference; lastKnownFileType = sourcecode.swift; path = PhotoItemViewModel.swift; sourceTree = "<group>"; };
		ECD59417538CA5746B4B978F /* Pods-FlickrableTests.release.xcconfig */ = {isa = PBXFileReference; includeInIndex = 1; lastKnownFileType = text.xcconfig; name = "Pods-FlickrableTests.release.xcconfig"; path = "Pods/Target Support Files/Pods-FlickrableTests/Pods-FlickrableTests.release.xcconfig"; sourceTree = "<group>"; };
		F1D44554EB99859D47F7595A /* Pods-Flickrable.debug.xcconfig */ = {isa = PBXFileReference; includeInIndex = 1; lastKnownFileType = text.xcconfig; name = "Pods-Flickrable.debug.xcconfig"; path = "Pods/Target Support Files/Pods-Flickrable/Pods-Flickrable.debug.xcconfig"; sourceTree = "<group>"; };
/* End PBXFileReference section */

/* Begin PBXFrameworksBuildPhase section */
		EB27612E1FCFE500008E9FAE /* Frameworks */ = {
			isa = PBXFrameworksBuildPhase;
			buildActionMask = 2147483647;
			files = (
				899BC3D790687B7377D676DF /* Pods_Flickrable.framework in Frameworks */,
			);
			runOnlyForDeploymentPostprocessing = 0;
		};
		EB2761451FCFE500008E9FAE /* Frameworks */ = {
			isa = PBXFrameworksBuildPhase;
			buildActionMask = 2147483647;
			files = (
				2C51E8AF7F070C2B31DBE181 /* Pods_FlickrableTests.framework in Frameworks */,
			);
			runOnlyForDeploymentPostprocessing = 0;
		};
		EB2761501FCFE500008E9FAE /* Frameworks */ = {
			isa = PBXFrameworksBuildPhase;
			buildActionMask = 2147483647;
			files = (
				657A8ECE5FC89662CA3424B5 /* Pods_FlickrableUITests.framework in Frameworks */,
			);
			runOnlyForDeploymentPostprocessing = 0;
		};
/* End PBXFrameworksBuildPhase section */

/* Begin PBXGroup section */
		ACAB6F8F7D223786EF5C33E5 /* Pods */ = {
			isa = PBXGroup;
			children = (
				F1D44554EB99859D47F7595A /* Pods-Flickrable.debug.xcconfig */,
				B6D9D5A9CEA214137C2E4215 /* Pods-Flickrable.release.xcconfig */,
				AD7BDC704200FA928693DE57 /* Pods-FlickrableTests.debug.xcconfig */,
				ECD59417538CA5746B4B978F /* Pods-FlickrableTests.release.xcconfig */,
				15091F2ADCE8D601D607D3C3 /* Pods-FlickrableUITests.debug.xcconfig */,
				66AB490A7636BC56F8E891A1 /* Pods-FlickrableUITests.release.xcconfig */,
			);
			name = Pods;
			sourceTree = "<group>";
		};
		BE7C130367F237E1BC54DCF9 /* Frameworks */ = {
			isa = PBXGroup;
			children = (
				73902B7493186D0C89FC88A3 /* Pods_Flickrable.framework */,
				36722DCAB0C9FC9CDE90EB1E /* Pods_FlickrableTests.framework */,
				A10671BF538A91E2A3994ABF /* Pods_FlickrableUITests.framework */,
			);
			name = Frameworks;
			sourceTree = "<group>";
		};
		EB2761281FCFE500008E9FAE = {
			isa = PBXGroup;
			children = (
				EB2761331FCFE500008E9FAE /* Flickrable */,
				EB27614B1FCFE500008E9FAE /* FlickrableTests */,
				EB2761561FCFE500008E9FAE /* FlickrableUITests */,
				EB2761321FCFE500008E9FAE /* Products */,
				ACAB6F8F7D223786EF5C33E5 /* Pods */,
				BE7C130367F237E1BC54DCF9 /* Frameworks */,
			);
			sourceTree = "<group>";
		};
		EB2761321FCFE500008E9FAE /* Products */ = {
			isa = PBXGroup;
			children = (
				EB2761311FCFE500008E9FAE /* Flickrable.app */,
				EB2761481FCFE500008E9FAE /* FlickrableTests.xctest */,
				EB2761531FCFE500008E9FAE /* FlickrableUITests.xctest */,
			);
			name = Products;
			sourceTree = "<group>";
		};
		EB2761331FCFE500008E9FAE /* Flickrable */ = {
			isa = PBXGroup;
			children = (
				EB2761831FD0087E008E9FAE /* ViewController */,
				EB27617B1FCFFD5B008E9FAE /* Utility */,
				EB2761761FCFFC5C008E9FAE /* ViewModel */,
				EB2761661FCFF3AD008E9FAE /* Services */,
				EB2761651FCFF379008E9FAE /* Storyboard */,
				EB2761341FCFE500008E9FAE /* AppDelegate.swift */,
				EB27613E1FCFE500008E9FAE /* Assets.xcassets */,
				EB2761431FCFE500008E9FAE /* Info.plist */,
				EB27613B1FCFE500008E9FAE /* Flickrable.xcdatamodeld */,
			);
			path = Flickrable;
			sourceTree = "<group>";
		};
		EB27614B1FCFE500008E9FAE /* FlickrableTests */ = {
			isa = PBXGroup;
			children = (
				EB27614C1FCFE500008E9FAE /* FlickrableTests.swift */,
				EB27614E1FCFE500008E9FAE /* Info.plist */,
				EB3E78421FD02C6600243226 /* PhotoViewModelTests.swift */,
			);
			path = FlickrableTests;
			sourceTree = "<group>";
		};
		EB2761561FCFE500008E9FAE /* FlickrableUITests */ = {
			isa = PBXGroup;
			children = (
				EB2761571FCFE500008E9FAE /* FlickrableUITests.swift */,
				EB2761591FCFE500008E9FAE /* Info.plist */,
			);
			path = FlickrableUITests;
			sourceTree = "<group>";
		};
		EB2761651FCFF379008E9FAE /* Storyboard */ = {
			isa = PBXGroup;
			children = (
				EB2761381FCFE500008E9FAE /* Main.storyboard */,
				EB2761401FCFE500008E9FAE /* LaunchScreen.storyboard */,
			);
			path = Storyboard;
			sourceTree = "<group>";
		};
		EB2761661FCFF3AD008E9FAE /* Services */ = {
			isa = PBXGroup;
			children = (
				EB27616A1FCFF3D3008E9FAE /* Response */,
				EB2761691FCFF3CD008E9FAE /* Model */,
				EB2761671FCFF3BA008E9FAE /* Api */,
			);
			path = Services;
			sourceTree = "<group>";
		};
		EB2761671FCFF3BA008E9FAE /* Api */ = {
			isa = PBXGroup;
			children = (
				EB2761711FCFFA89008E9FAE /* BaseApi.swift */,
				EB2761731FCFFB83008E9FAE /* PhotoApi.swift */,
			);
			path = Api;
			sourceTree = "<group>";
		};
		EB2761691FCFF3CD008E9FAE /* Model */ = {
			isa = PBXGroup;
			children = (
				EB27616F1FCFF68A008E9FAE /* Photo.swift */,
			);
			path = Model;
			sourceTree = "<group>";
		};
		EB27616A1FCFF3D3008E9FAE /* Response */ = {
			isa = PBXGroup;
			children = (
				EB27616D1FCFF67F008E9FAE /* PhotoResponse.swift */,
			);
			path = Response;
			sourceTree = "<group>";
		};
		EB2761761FCFFC5C008E9FAE /* ViewModel */ = {
			isa = PBXGroup;
			children = (
				EBD187391FD1CC62007F34E5 /* AllPhotos */,
				EB2761791FCFFCAF008E9FAE /* ViewModelType.swift */,
			);
			path = ViewModel;
			sourceTree = "<group>";
		};
		EB27617B1FCFFD5B008E9FAE /* Utility */ = {
			isa = PBXGroup;
			children = (
				EB2761801FCFFDB5008E9FAE /* Extensions */,
				EB27617C1FCFFD70008E9FAE /* ActivityIndicator.swift */,
				EB27617E1FCFFD9B008E9FAE /* ErrorTracker.swift */,
				EB3DF6E01FD507880067735A /* Reusable.swift */,
			);
			path = Utility;
			sourceTree = "<group>";
		};
		EB2761801FCFFDB5008E9FAE /* Extensions */ = {
			isa = PBXGroup;
			children = (
				EB2761811FCFFDC3008E9FAE /* Observable+Ext.swift */,
			);
			path = Extensions;
			sourceTree = "<group>";
		};
		EB2761831FD0087E008E9FAE /* ViewController */ = {
			isa = PBXGroup;
			children = (
				EB3DF6E21FD508A40067735A /* Cell */,
				EB2761841FD00898008E9FAE /* PhotoViewController.swift */,
				EB3DF6E71FD54BEE0067735A /* PhotoDetailViewController.swift */,
			);
			path = ViewController;
			sourceTree = "<group>";
		};
		EB3DF6E21FD508A40067735A /* Cell */ = {
			isa = PBXGroup;
			children = (
				EB3DF6E31FD509E30067735A /* PhotoCell.swift */,
			);
			path = Cell;
			sourceTree = "<group>";
		};
		EBD187391FD1CC62007F34E5 /* AllPhotos */ = {
			isa = PBXGroup;
			children = (
				EBD187371FD1CC5B007F34E5 /* PhotoItemViewModel.swift */,
				EB2761771FCFFC6D008E9FAE /* PhotoViewModel.swift */,
			);
			path = AllPhotos;
			sourceTree = "<group>";
		};
/* End PBXGroup section */

/* Begin PBXNativeTarget section */
		EB2761301FCFE500008E9FAE /* Flickrable */ = {
			isa = PBXNativeTarget;
			buildConfigurationList = EB27615C1FCFE500008E9FAE /* Build configuration list for PBXNativeTarget "Flickrable" */;
			buildPhases = (
				9C8E407AEA740334C8CFF88F /* [CP] Check Pods Manifest.lock */,
				EB27612D1FCFE500008E9FAE /* Sources */,
				EB27612E1FCFE500008E9FAE /* Frameworks */,
				EB27612F1FCFE500008E9FAE /* Resources */,
				EE02F8E9D2035030FCD00329 /* [CP] Embed Pods Frameworks */,
				05849F1150897871E3A0F78A /* [CP] Copy Pods Resources */,
			);
			buildRules = (
			);
			dependencies = (
			);
			name = Flickrable;
			productName = Flickrable;
			productReference = EB2761311FCFE500008E9FAE /* Flickrable.app */;
			productType = "com.apple.product-type.application";
		};
		EB2761471FCFE500008E9FAE /* FlickrableTests */ = {
			isa = PBXNativeTarget;
			buildConfigurationList = EB27615F1FCFE500008E9FAE /* Build configuration list for PBXNativeTarget "FlickrableTests" */;
			buildPhases = (
				52D8AFF61A6F1C5FD93A510D /* [CP] Check Pods Manifest.lock */,
				EB2761441FCFE500008E9FAE /* Sources */,
				EB2761451FCFE500008E9FAE /* Frameworks */,
				EB2761461FCFE500008E9FAE /* Resources */,
				FF2993D187086508FF2DCD7C /* [CP] Embed Pods Frameworks */,
				0F0B08B0AA259792E05B80EA /* [CP] Copy Pods Resources */,
			);
			buildRules = (
			);
			dependencies = (
				EB27614A1FCFE500008E9FAE /* PBXTargetDependency */,
			);
			name = FlickrableTests;
			productName = FlickrableTests;
			productReference = EB2761481FCFE500008E9FAE /* FlickrableTests.xctest */;
			productType = "com.apple.product-type.bundle.unit-test";
		};
		EB2761521FCFE500008E9FAE /* FlickrableUITests */ = {
			isa = PBXNativeTarget;
			buildConfigurationList = EB2761621FCFE500008E9FAE /* Build configuration list for PBXNativeTarget "FlickrableUITests" */;
			buildPhases = (
				B715B0F2A5009396D8F0EA13 /* [CP] Check Pods Manifest.lock */,
				EB27614F1FCFE500008E9FAE /* Sources */,
				EB2761501FCFE500008E9FAE /* Frameworks */,
				EB2761511FCFE500008E9FAE /* Resources */,
				7FEE172BE37540280DCEF380 /* [CP] Embed Pods Frameworks */,
				A79323E9F86C2992F99ACB68 /* [CP] Copy Pods Resources */,
			);
			buildRules = (
			);
			dependencies = (
				EB2761551FCFE500008E9FAE /* PBXTargetDependency */,
			);
			name = FlickrableUITests;
			productName = FlickrableUITests;
			productReference = EB2761531FCFE500008E9FAE /* FlickrableUITests.xctest */;
			productType = "com.apple.product-type.bundle.ui-testing";
		};
/* End PBXNativeTarget section */

/* Begin PBXProject section */
		EB2761291FCFE500008E9FAE /* Project object */ = {
			isa = PBXProject;
			attributes = {
				LastSwiftUpdateCheck = 0900;
				LastUpgradeCheck = 0900;
				ORGANIZATIONNAME = TriNgo;
				TargetAttributes = {
					EB2761301FCFE500008E9FAE = {
						CreatedOnToolsVersion = 9.0;
						ProvisioningStyle = Automatic;
					};
					EB2761471FCFE500008E9FAE = {
						CreatedOnToolsVersion = 9.0;
						ProvisioningStyle = Automatic;
						TestTargetID = EB2761301FCFE500008E9FAE;
					};
					EB2761521FCFE500008E9FAE = {
						CreatedOnToolsVersion = 9.0;
						ProvisioningStyle = Automatic;
						TestTargetID = EB2761301FCFE500008E9FAE;
					};
				};
			};
			buildConfigurationList = EB27612C1FCFE500008E9FAE /* Build configuration list for PBXProject "Flickrable" */;
			compatibilityVersion = "Xcode 8.0";
			developmentRegion = en;
			hasScannedForEncodings = 0;
			knownRegions = (
				en,
				Base,
			);
			mainGroup = EB2761281FCFE500008E9FAE;
			productRefGroup = EB2761321FCFE500008E9FAE /* Products */;
			projectDirPath = "";
			projectRoot = "";
			targets = (
				EB2761301FCFE500008E9FAE /* Flickrable */,
				EB2761471FCFE500008E9FAE /* FlickrableTests */,
				EB2761521FCFE500008E9FAE /* FlickrableUITests */,
			);
		};
/* End PBXProject section */

/* Begin PBXResourcesBuildPhase section */
		EB27612F1FCFE500008E9FAE /* Resources */ = {
			isa = PBXResourcesBuildPhase;
			buildActionMask = 2147483647;
			files = (
				EB2761421FCFE500008E9FAE /* LaunchScreen.storyboard in Resources */,
				EB27613F1FCFE500008E9FAE /* Assets.xcassets in Resources */,
				EB27613A1FCFE500008E9FAE /* Main.storyboard in Resources */,
			);
			runOnlyForDeploymentPostprocessing = 0;
		};
		EB2761461FCFE500008E9FAE /* Resources */ = {
			isa = PBXResourcesBuildPhase;
			buildActionMask = 2147483647;
			files = (
			);
			runOnlyForDeploymentPostprocessing = 0;
		};
		EB2761511FCFE500008E9FAE /* Resources */ = {
			isa = PBXResourcesBuildPhase;
			buildActionMask = 2147483647;
			files = (
			);
			runOnlyForDeploymentPostprocessing = 0;
		};
/* End PBXResourcesBuildPhase section */

/* Begin PBXShellScriptBuildPhase section */
		05849F1150897871E3A0F78A /* [CP] Copy Pods Resources */ = {
			isa = PBXShellScriptBuildPhase;
			buildActionMask = 2147483647;
			files = (
			);
			inputPaths = (
			);
			name = "[CP] Copy Pods Resources";
			outputPaths = (
			);
			runOnlyForDeploymentPostprocessing = 0;
			shellPath = /bin/sh;
			shellScript = "\"${SRCROOT}/Pods/Target Support Files/Pods-Flickrable/Pods-Flickrable-resources.sh\"\n";
			showEnvVarsInLog = 0;
		};
		0F0B08B0AA259792E05B80EA /* [CP] Copy Pods Resources */ = {
			isa = PBXShellScriptBuildPhase;
			buildActionMask = 2147483647;
			files = (
			);
			inputPaths = (
			);
			name = "[CP] Copy Pods Resources";
			outputPaths = (
			);
			runOnlyForDeploymentPostprocessing = 0;
			shellPath = /bin/sh;
			shellScript = "\"${SRCROOT}/Pods/Target Support Files/Pods-FlickrableTests/Pods-FlickrableTests-resources.sh\"\n";
			showEnvVarsInLog = 0;
		};
		52D8AFF61A6F1C5FD93A510D /* [CP] Check Pods Manifest.lock */ = {
			isa = PBXShellScriptBuildPhase;
			buildActionMask = 2147483647;
			files = (
			);
			inputPaths = (
			);
			name = "[CP] Check Pods Manifest.lock";
			outputPaths = (
			);
			runOnlyForDeploymentPostprocessing = 0;
			shellPath = /bin/sh;
			shellScript = "diff \"${PODS_PODFILE_DIR_PATH}/Podfile.lock\" \"${PODS_ROOT}/Manifest.lock\" > /dev/null\nif [ $? != 0 ] ; then\n    # print error to STDERR\n    echo \"error: The sandbox is not in sync with the Podfile.lock. Run 'pod install' or update your CocoaPods installation.\" >&2\n    exit 1\nfi\n";
			showEnvVarsInLog = 0;
		};
		7FEE172BE37540280DCEF380 /* [CP] Embed Pods Frameworks */ = {
			isa = PBXShellScriptBuildPhase;
			buildActionMask = 2147483647;
			files = (
			);
			inputPaths = (
			);
			name = "[CP] Embed Pods Frameworks";
			outputPaths = (
			);
			runOnlyForDeploymentPostprocessing = 0;
			shellPath = /bin/sh;
			shellScript = "\"${SRCROOT}/Pods/Target Support Files/Pods-FlickrableUITests/Pods-FlickrableUITests-frameworks.sh\"\n";
			showEnvVarsInLog = 0;
		};
		9C8E407AEA740334C8CFF88F /* [CP] Check Pods Manifest.lock */ = {
			isa = PBXShellScriptBuildPhase;
			buildActionMask = 2147483647;
			files = (
			);
			inputPaths = (
			);
			name = "[CP] Check Pods Manifest.lock";
			outputPaths = (
			);
			runOnlyForDeploymentPostprocessing = 0;
			shellPath = /bin/sh;
			shellScript = "diff \"${PODS_PODFILE_DIR_PATH}/Podfile.lock\" \"${PODS_ROOT}/Manifest.lock\" > /dev/null\nif [ $? != 0 ] ; then\n    # print error to STDERR\n    echo \"error: The sandbox is not in sync with the Podfile.lock. Run 'pod install' or update your CocoaPods installation.\" >&2\n    exit 1\nfi\n";
			showEnvVarsInLog = 0;
		};
		A79323E9F86C2992F99ACB68 /* [CP] Copy Pods Resources */ = {
			isa = PBXShellScriptBuildPhase;
			buildActionMask = 2147483647;
			files = (
			);
			inputPaths = (
			);
			name = "[CP] Copy Pods Resources";
			outputPaths = (
			);
			runOnlyForDeploymentPostprocessing = 0;
			shellPath = /bin/sh;
			shellScript = "\"${SRCROOT}/Pods/Target Support Files/Pods-FlickrableUITests/Pods-FlickrableUITests-resources.sh\"\n";
			showEnvVarsInLog = 0;
		};
		B715B0F2A5009396D8F0EA13 /* [CP] Check Pods Manifest.lock */ = {
			isa = PBXShellScriptBuildPhase;
			buildActionMask = 2147483647;
			files = (
			);
			inputPaths = (
			);
			name = "[CP] Check Pods Manifest.lock";
			outputPaths = (
			);
			runOnlyForDeploymentPostprocessing = 0;
			shellPath = /bin/sh;
			shellScript = "diff \"${PODS_PODFILE_DIR_PATH}/Podfile.lock\" \"${PODS_ROOT}/Manifest.lock\" > /dev/null\nif [ $? != 0 ] ; then\n    # print error to STDERR\n    echo \"error: The sandbox is not in sync with the Podfile.lock. Run 'pod install' or update your CocoaPods installation.\" >&2\n    exit 1\nfi\n";
			showEnvVarsInLog = 0;
		};
		EE02F8E9D2035030FCD00329 /* [CP] Embed Pods Frameworks */ = {
			isa = PBXShellScriptBuildPhase;
			buildActionMask = 2147483647;
			files = (
			);
			inputPaths = (
			);
			name = "[CP] Embed Pods Frameworks";
			outputPaths = (
			);
			runOnlyForDeploymentPostprocessing = 0;
			shellPath = /bin/sh;
			shellScript = "\"${SRCROOT}/Pods/Target Support Files/Pods-Flickrable/Pods-Flickrable-frameworks.sh\"\n";
			showEnvVarsInLog = 0;
		};
		FF2993D187086508FF2DCD7C /* [CP] Embed Pods Frameworks */ = {
			isa = PBXShellScriptBuildPhase;
			buildActionMask = 2147483647;
			files = (
			);
			inputPaths = (
			);
			name = "[CP] Embed Pods Frameworks";
			outputPaths = (
			);
			runOnlyForDeploymentPostprocessing = 0;
			shellPath = /bin/sh;
			shellScript = "\"${SRCROOT}/Pods/Target Support Files/Pods-FlickrableTests/Pods-FlickrableTests-frameworks.sh\"\n";
			showEnvVarsInLog = 0;
		};
/* End PBXShellScriptBuildPhase section */

/* Begin PBXSourcesBuildPhase section */
		EB27612D1FCFE500008E9FAE /* Sources */ = {
			isa = PBXSourcesBuildPhase;
			buildActionMask = 2147483647;
			files = (
				EBD187381FD1CC5B007F34E5 /* PhotoItemViewModel.swift in Sources */,
				EB3DF6E41FD509E30067735A /* PhotoCell.swift in Sources */,
				EB2761701FCFF68A008E9FAE /* Photo.swift in Sources */,
				EB3DF6E11FD507880067735A /* Reusable.swift in Sources */,
				EB27616E1FCFF67F008E9FAE /* PhotoResponse.swift in Sources */,
				EB2761781FCFFC6D008E9FAE /* PhotoViewModel.swift in Sources */,
				EB3DF6E81FD54BEE0067735A /* PhotoDetailViewController.swift in Sources */,
				EB2761351FCFE500008E9FAE /* AppDelegate.swift in Sources */,
				EB27617A1FCFFCAF008E9FAE /* ViewModelType.swift in Sources */,
				EB2761851FD00898008E9FAE /* PhotoViewController.swift in Sources */,
				EB2761741FCFFB83008E9FAE /* PhotoApi.swift in Sources */,
				EB2761721FCFFA89008E9FAE /* BaseApi.swift in Sources */,
				EB27617D1FCFFD70008E9FAE /* ActivityIndicator.swift in Sources */,
				EB2761821FCFFDC3008E9FAE /* Observable+Ext.swift in Sources */,
				EB27613D1FCFE500008E9FAE /* Flickrable.xcdatamodeld in Sources */,
				EB27617F1FCFFD9B008E9FAE /* ErrorTracker.swift in Sources */,
			);
			runOnlyForDeploymentPostprocessing = 0;
		};
		EB2761441FCFE500008E9FAE /* Sources */ = {
			isa = PBXSourcesBuildPhase;
			buildActionMask = 2147483647;
			files = (
				EB27614D1FCFE500008E9FAE /* FlickrableTests.swift in Sources */,
				EB3E78431FD02C6600243226 /* PhotoViewModelTests.swift in Sources */,
			);
			runOnlyForDeploymentPostprocessing = 0;
		};
		EB27614F1FCFE500008E9FAE /* Sources */ = {
			isa = PBXSourcesBuildPhase;
			buildActionMask = 2147483647;
			files = (
				EB2761581FCFE500008E9FAE /* FlickrableUITests.swift in Sources */,
			);
			runOnlyForDeploymentPostprocessing = 0;
		};
/* End PBXSourcesBuildPhase section */

/* Begin PBXTargetDependency section */
		EB27614A1FCFE500008E9FAE /* PBXTargetDependency */ = {
			isa = PBXTargetDependency;
			target = EB2761301FCFE500008E9FAE /* Flickrable */;
			targetProxy = EB2761491FCFE500008E9FAE /* PBXContainerItemProxy */;
		};
		EB2761551FCFE500008E9FAE /* PBXTargetDependency */ = {
			isa = PBXTargetDependency;
			target = EB2761301FCFE500008E9FAE /* Flickrable */;
			targetProxy = EB2761541FCFE500008E9FAE /* PBXContainerItemProxy */;
		};
/* End PBXTargetDependency section */

/* Begin PBXVariantGroup section */
		EB2761381FCFE500008E9FAE /* Main.storyboard */ = {
			isa = PBXVariantGroup;
			children = (
				EB2761391FCFE500008E9FAE /* Base */,
			);
			name = Main.storyboard;
			sourceTree = "<group>";
		};
		EB2761401FCFE500008E9FAE /* LaunchScreen.storyboard */ = {
			isa = PBXVariantGroup;
			children = (
				EB2761411FCFE500008E9FAE /* Base */,
			);
			name = LaunchScreen.storyboard;
			sourceTree = "<group>";
		};
/* End PBXVariantGroup section */

/* Begin XCBuildConfiguration section */
		EB27615A1FCFE500008E9FAE /* Debug */ = {
			isa = XCBuildConfiguration;
			buildSettings = {
				ALWAYS_SEARCH_USER_PATHS = NO;
				CLANG_ANALYZER_NONNULL = YES;
				CLANG_ANALYZER_NUMBER_OBJECT_CONVERSION = YES_AGGRESSIVE;
				CLANG_CXX_LANGUAGE_STANDARD = "gnu++14";
				CLANG_CXX_LIBRARY = "libc++";
				CLANG_ENABLE_MODULES = YES;
				CLANG_ENABLE_OBJC_ARC = YES;
				CLANG_WARN_BLOCK_CAPTURE_AUTORELEASING = YES;
				CLANG_WARN_BOOL_CONVERSION = YES;
				CLANG_WARN_COMMA = YES;
				CLANG_WARN_CONSTANT_CONVERSION = YES;
				CLANG_WARN_DIRECT_OBJC_ISA_USAGE = YES_ERROR;
				CLANG_WARN_DOCUMENTATION_COMMENTS = YES;
				CLANG_WARN_EMPTY_BODY = YES;
				CLANG_WARN_ENUM_CONVERSION = YES;
				CLANG_WARN_INFINITE_RECURSION = YES;
				CLANG_WARN_INT_CONVERSION = YES;
				CLANG_WARN_NON_LITERAL_NULL_CONVERSION = YES;
				CLANG_WARN_OBJC_LITERAL_CONVERSION = YES;
				CLANG_WARN_OBJC_ROOT_CLASS = YES_ERROR;
				CLANG_WARN_RANGE_LOOP_ANALYSIS = YES;
				CLANG_WARN_STRICT_PROTOTYPES = YES;
				CLANG_WARN_SUSPICIOUS_MOVE = YES;
				CLANG_WARN_UNGUARDED_AVAILABILITY = YES_AGGRESSIVE;
				CLANG_WARN_UNREACHABLE_CODE = YES;
				CLANG_WARN__DUPLICATE_METHOD_MATCH = YES;
				CODE_SIGN_IDENTITY = "iPhone Developer";
				COPY_PHASE_STRIP = NO;
				DEBUG_INFORMATION_FORMAT = dwarf;
				ENABLE_STRICT_OBJC_MSGSEND = YES;
				ENABLE_TESTABILITY = YES;
				GCC_C_LANGUAGE_STANDARD = gnu11;
				GCC_DYNAMIC_NO_PIC = NO;
				GCC_NO_COMMON_BLOCKS = YES;
				GCC_OPTIMIZATION_LEVEL = 0;
				GCC_PREPROCESSOR_DEFINITIONS = (
					"DEBUG=1",
					"$(inherited)",
				);
				GCC_WARN_64_TO_32_BIT_CONVERSION = YES;
				GCC_WARN_ABOUT_RETURN_TYPE = YES_ERROR;
				GCC_WARN_UNDECLARED_SELECTOR = YES;
				GCC_WARN_UNINITIALIZED_AUTOS = YES_AGGRESSIVE;
				GCC_WARN_UNUSED_FUNCTION = YES;
				GCC_WARN_UNUSED_VARIABLE = YES;
				IPHONEOS_DEPLOYMENT_TARGET = 11.0;
				MTL_ENABLE_DEBUG_INFO = YES;
				ONLY_ACTIVE_ARCH = YES;
				SDKROOT = iphoneos;
				SWIFT_ACTIVE_COMPILATION_CONDITIONS = DEBUG;
				SWIFT_OPTIMIZATION_LEVEL = "-Onone";
			};
			name = Debug;
		};
		EB27615B1FCFE500008E9FAE /* Release */ = {
			isa = XCBuildConfiguration;
			buildSettings = {
				ALWAYS_SEARCH_USER_PATHS = NO;
				CLANG_ANALYZER_NONNULL = YES;
				CLANG_ANALYZER_NUMBER_OBJECT_CONVERSION = YES_AGGRESSIVE;
				CLANG_CXX_LANGUAGE_STANDARD = "gnu++14";
				CLANG_CXX_LIBRARY = "libc++";
				CLANG_ENABLE_MODULES = YES;
				CLANG_ENABLE_OBJC_ARC = YES;
				CLANG_WARN_BLOCK_CAPTURE_AUTORELEASING = YES;
				CLANG_WARN_BOOL_CONVERSION = YES;
				CLANG_WARN_COMMA = YES;
				CLANG_WARN_CONSTANT_CONVERSION = YES;
				CLANG_WARN_DIRECT_OBJC_ISA_USAGE = YES_ERROR;
				CLANG_WARN_DOCUMENTATION_COMMENTS = YES;
				CLANG_WARN_EMPTY_BODY = YES;
				CLANG_WARN_ENUM_CONVERSION = YES;
				CLANG_WARN_INFINITE_RECURSION = YES;
				CLANG_WARN_INT_CONVERSION = YES;
				CLANG_WARN_NON_LITERAL_NULL_CONVERSION = YES;
				CLANG_WARN_OBJC_LITERAL_CONVERSION = YES;
				CLANG_WARN_OBJC_ROOT_CLASS = YES_ERROR;
				CLANG_WARN_RANGE_LOOP_ANALYSIS = YES;
				CLANG_WARN_STRICT_PROTOTYPES = YES;
				CLANG_WARN_SUSPICIOUS_MOVE = YES;
				CLANG_WARN_UNGUARDED_AVAILABILITY = YES_AGGRESSIVE;
				CLANG_WARN_UNREACHABLE_CODE = YES;
				CLANG_WARN__DUPLICATE_METHOD_MATCH = YES;
				CODE_SIGN_IDENTITY = "iPhone Developer";
				COPY_PHASE_STRIP = NO;
				DEBUG_INFORMATION_FORMAT = "dwarf-with-dsym";
				ENABLE_NS_ASSERTIONS = NO;
				ENABLE_STRICT_OBJC_MSGSEND = YES;
				GCC_C_LANGUAGE_STANDARD = gnu11;
				GCC_NO_COMMON_BLOCKS = YES;
				GCC_WARN_64_TO_32_BIT_CONVERSION = YES;
				GCC_WARN_ABOUT_RETURN_TYPE = YES_ERROR;
				GCC_WARN_UNDECLARED_SELECTOR = YES;
				GCC_WARN_UNINITIALIZED_AUTOS = YES_AGGRESSIVE;
				GCC_WARN_UNUSED_FUNCTION = YES;
				GCC_WARN_UNUSED_VARIABLE = YES;
				IPHONEOS_DEPLOYMENT_TARGET = 11.0;
				MTL_ENABLE_DEBUG_INFO = NO;
				SDKROOT = iphoneos;
				SWIFT_OPTIMIZATION_LEVEL = "-Owholemodule";
				VALIDATE_PRODUCT = YES;
			};
			name = Release;
		};
		EB27615D1FCFE500008E9FAE /* Debug */ = {
			isa = XCBuildConfiguration;
			baseConfigurationReference = F1D44554EB99859D47F7595A /* Pods-Flickrable.debug.xcconfig */;
			buildSettings = {
				ASSETCATALOG_COMPILER_APPICON_NAME = AppIcon;
				CODE_SIGN_STYLE = Automatic;
				INFOPLIST_FILE = Flickrable/Info.plist;
				LD_RUNPATH_SEARCH_PATHS = "$(inherited) @executable_path/Frameworks";
				PRODUCT_BUNDLE_IDENTIFIER = com.tringo.flickrable;
				PRODUCT_NAME = "$(TARGET_NAME)";
				SWIFT_VERSION = 4.0;
				TARGETED_DEVICE_FAMILY = "1,2";
			};
			name = Debug;
		};
		EB27615E1FCFE500008E9FAE /* Release */ = {
			isa = XCBuildConfiguration;
			baseConfigurationReference = B6D9D5A9CEA214137C2E4215 /* Pods-Flickrable.release.xcconfig */;
			buildSettings = {
				ASSETCATALOG_COMPILER_APPICON_NAME = AppIcon;
				CODE_SIGN_STYLE = Automatic;
				INFOPLIST_FILE = Flickrable/Info.plist;
				LD_RUNPATH_SEARCH_PATHS = "$(inherited) @executable_path/Frameworks";
				PRODUCT_BUNDLE_IDENTIFIER = com.tringo.flickrable;
				PRODUCT_NAME = "$(TARGET_NAME)";
				SWIFT_VERSION = 4.0;
				TARGETED_DEVICE_FAMILY = "1,2";
			};
			name = Release;
		};
		EB2761601FCFE500008E9FAE /* Debug */ = {
			isa = XCBuildConfiguration;
			baseConfigurationReference = AD7BDC704200FA928693DE57 /* Pods-FlickrableTests.debug.xcconfig */;
			buildSettings = {
				ALWAYS_EMBED_SWIFT_STANDARD_LIBRARIES = YES;
				BUNDLE_LOADER = "$(TEST_HOST)";
				CODE_SIGN_STYLE = Automatic;
				INFOPLIST_FILE = FlickrableTests/Info.plist;
				LD_RUNPATH_SEARCH_PATHS = "$(inherited) @executable_path/Frameworks @loader_path/Frameworks";
				PRODUCT_BUNDLE_IDENTIFIER = com.tringo.flickrable.FlickrableTests;
				PRODUCT_NAME = "$(TARGET_NAME)";
				SWIFT_VERSION = 4.0;
				TARGETED_DEVICE_FAMILY = "1,2";
				TEST_HOST = "$(BUILT_PRODUCTS_DIR)/Flickrable.app/Flickrable";
			};
			name = Debug;
		};
		EB2761611FCFE500008E9FAE /* Release */ = {
			isa = XCBuildConfiguration;
			baseConfigurationReference = ECD59417538CA5746B4B978F /* Pods-FlickrableTests.release.xcconfig */;
			buildSettings = {
				ALWAYS_EMBED_SWIFT_STANDARD_LIBRARIES = YES;
				BUNDLE_LOADER = "$(TEST_HOST)";
				CODE_SIGN_STYLE = Automatic;
				INFOPLIST_FILE = FlickrableTests/Info.plist;
				LD_RUNPATH_SEARCH_PATHS = "$(inherited) @executable_path/Frameworks @loader_path/Frameworks";
				PRODUCT_BUNDLE_IDENTIFIER = com.tringo.flickrable.FlickrableTests;
				PRODUCT_NAME = "$(TARGET_NAME)";
				SWIFT_VERSION = 4.0;
				TARGETED_DEVICE_FAMILY = "1,2";
				TEST_HOST = "$(BUILT_PRODUCTS_DIR)/Flickrable.app/Flickrable";
			};
			name = Release;
		};
		EB2761631FCFE500008E9FAE /* Debug */ = {
			isa = XCBuildConfiguration;
			baseConfigurationReference = 15091F2ADCE8D601D607D3C3 /* Pods-FlickrableUITests.debug.xcconfig */;
			buildSettings = {
				ALWAYS_EMBED_SWIFT_STANDARD_LIBRARIES = YES;
				CODE_SIGN_STYLE = Automatic;
				INFOPLIST_FILE = FlickrableUITests/Info.plist;
				LD_RUNPATH_SEARCH_PATHS = "$(inherited) @executable_path/Frameworks @loader_path/Frameworks";
				PRODUCT_BUNDLE_IDENTIFIER = com.tringo.flickrable.FlickrableUITests;
				PRODUCT_NAME = "$(TARGET_NAME)";
				SWIFT_VERSION = 4.0;
				TARGETED_DEVICE_FAMILY = "1,2";
				TEST_TARGET_NAME = Flickrable;
			};
			name = Debug;
		};
		EB2761641FCFE500008E9FAE /* Release */ = {
			isa = XCBuildConfiguration;
			baseConfigurationReference = 66AB490A7636BC56F8E891A1 /* Pods-FlickrableUITests.release.xcconfig */;
			buildSettings = {
				ALWAYS_EMBED_SWIFT_STANDARD_LIBRARIES = YES;
				CODE_SIGN_STYLE = Automatic;
				INFOPLIST_FILE = FlickrableUITests/Info.plist;
				LD_RUNPATH_SEARCH_PATHS = "$(inherited) @executable_path/Frameworks @loader_path/Frameworks";
				PRODUCT_BUNDLE_IDENTIFIER = com.tringo.flickrable.FlickrableUITests;
				PRODUCT_NAME = "$(TARGET_NAME)";
				SWIFT_VERSION = 4.0;
				TARGETED_DEVICE_FAMILY = "1,2";
				TEST_TARGET_NAME = Flickrable;
			};
			name = Release;
		};
/* End XCBuildConfiguration section */

/* Begin XCConfigurationList section */
		EB27612C1FCFE500008E9FAE /* Build configuration list for PBXProject "Flickrable" */ = {
			isa = XCConfigurationList;
			buildConfigurations = (
				EB27615A1FCFE500008E9FAE /* Debug */,
				EB27615B1FCFE500008E9FAE /* Release */,
			);
			defaultConfigurationIsVisible = 0;
			defaultConfigurationName = Release;
		};
		EB27615C1FCFE500008E9FAE /* Build configuration list for PBXNativeTarget "Flickrable" */ = {
			isa = XCConfigurationList;
			buildConfigurations = (
				EB27615D1FCFE500008E9FAE /* Debug */,
				EB27615E1FCFE500008E9FAE /* Release */,
			);
			defaultConfigurationIsVisible = 0;
			defaultConfigurationName = Release;
		};
		EB27615F1FCFE500008E9FAE /* Build configuration list for PBXNativeTarget "FlickrableTests" */ = {
			isa = XCConfigurationList;
			buildConfigurations = (
				EB2761601FCFE500008E9FAE /* Debug */,
				EB2761611FCFE500008E9FAE /* Release */,
			);
			defaultConfigurationIsVisible = 0;
			defaultConfigurationName = Release;
		};
		EB2761621FCFE500008E9FAE /* Build configuration list for PBXNativeTarget "FlickrableUITests" */ = {
			isa = XCConfigurationList;
			buildConfigurations = (
				EB2761631FCFE500008E9FAE /* Debug */,
				EB2761641FCFE500008E9FAE /* Release */,
			);
			defaultConfigurationIsVisible = 0;
			defaultConfigurationName = Release;
		};
/* End XCConfigurationList section */

/* Begin XCVersionGroup section */
		EB27613B1FCFE500008E9FAE /* Flickrable.xcdatamodeld */ = {
			isa = XCVersionGroup;
			children = (
				EB27613C1FCFE500008E9FAE /* Flickrable.xcdatamodel */,
			);
			currentVersion = EB27613C1FCFE500008E9FAE /* Flickrable.xcdatamodel */;
			path = Flickrable.xcdatamodeld;
			sourceTree = "<group>";
			versionGroupType = wrapper.xcdatamodel;
		};
/* End XCVersionGroup section */
	};
	rootObject = EB2761291FCFE500008E9FAE /* Project object */;
}
